
Microsoft Visual Studio Solution File, Format Version 12.00
# Visual Studio Version 16
VisualStudioVersion = 16.0.31515.178
MinimumVisualStudioVersion = 10.0.40219.1
Project("{FAE04EC0-301F-11D3-BF4B-00C04F79EFBC}") = "IntegrationTest", "IntegrationTest\IntegrationTest.csproj", "{554BFA65-1C66-4BCE-AA69-3C65545E8172}"
EndProject
Global
	GlobalSection(SolutionConfigurationPlatforms) = preSolution
		Debug|Any CPU = Debug|Any CPU
		Release|Any CPU = Release|Any CPU
	EndGlobalSection
	GlobalSection(ProjectConfigurationPlatforms) = postSolution
		{554BFA65-1C66-4BCE-AA69-3C65545E8172}.Debug|Any CPU.ActiveCfg = Debug|Any CPU
		{554BFA65-1C66-4BCE-AA69-3C65545E8172}.Debug|Any CPU.Build.0 = Debug|Any CPU
		{554BFA65-1C66-4BCE-AA69-3C65545E8172}.Release|Any CPU.ActiveCfg = Release|Any CPU
		{554BFA65-1C66-4BCE-AA69-3C65545E8172}.Release|Any CPU.Build.0 = Release|Any CPU
	EndGlobalSection
	GlobalSection(SolutionProperties) = preSolution
		HideSolutionNode = FALSE
	EndGlobalSection
	GlobalSection(ExtensibilityGlobals) = postSolution
		SolutionGuid = {400BC2B6-4814-4025-8F16-2B9AA4029E16}
	EndGlobalSection
EndGlobal
